
Microsoft Visual Studio Solution File, Format Version 12.00
# Visual Studio Version 17
VisualStudioVersion = 17.2.32630.192
MinimumVisualStudioVersion = 10.0.40219.1
Project("{9A19103F-16F7-4668-BE54-9A1E7A4F7556}") = "GH_ThisFileLocation", "GH_ThisFileLocation\GH_ThisFileLocation.csproj", "{62F1024A-C781-4DBA-8485-3436B1A014A0}"
EndProject
Project("{2150E333-8FDC-42A3-9474-1A3956D46DE8}") = "Solution Items", "Solution Items", "{7AF6CE07-FFB6-40FB-9C80-7823EB4FAA8C}"
	ProjectSection(SolutionItems) = preProject
		..\..\..\Desktop\folderIcon.png = ..\..\..\Desktop\folderIcon.png
	EndProjectSection
EndProject
Global
	GlobalSection(SolutionConfigurationPlatforms) = preSolution
		Debug|Any CPU = Debug|Any CPU
		Release|Any CPU = Release|Any CPU
	EndGlobalSection
	GlobalSection(ProjectConfigurationPlatforms) = postSolution
		{62F1024A-C781-4DBA-8485-3436B1A014A0}.Debug|Any CPU.ActiveCfg = Debug|Any CPU
		{62F1024A-C781-4DBA-8485-3436B1A014A0}.Debug|Any CPU.Build.0 = Debug|Any CPU
		{62F1024A-C781-4DBA-8485-3436B1A014A0}.Release|Any CPU.ActiveCfg = Release|Any CPU
		{62F1024A-C781-4DBA-8485-3436B1A014A0}.Release|Any CPU.Build.0 = Release|Any CPU
	EndGlobalSection
	GlobalSection(SolutionProperties) = preSolution
		HideSolutionNode = FALSE
	EndGlobalSection
	GlobalSection(ExtensibilityGlobals) = postSolution
		SolutionGuid = {BA064453-CE51-43DB-91B5-A7A178572E20}
	EndGlobalSection
EndGlobal
